
Microsoft Visual Studio Solution File, Format Version 12.00
# Visual Studio Version 17
VisualStudioVersion = 17.11.35219.272
MinimumVisualStudioVersion = 10.0.40219.1
Project("{FAE04EC0-301F-11D3-BF4B-00C04F79EFBC}") = "SingleResponsibility", "SingleResponsibility\SingleResponsibility.csproj", "{580249EC-85FE-4F8C-ACDF-B063F0EBD7DD}"
EndProject
Global
	GlobalSection(SolutionConfigurationPlatforms) = preSolution
		Debug|Any CPU = Debug|Any CPU
		Release|Any CPU = Release|Any CPU
	EndGlobalSection
	GlobalSection(ProjectConfigurationPlatforms) = postSolution
		{580249EC-85FE-4F8C-ACDF-B063F0EBD7DD}.Debug|Any CPU.ActiveCfg = Debug|Any CPU
		{580249EC-85FE-4F8C-ACDF-B063F0EBD7DD}.Debug|Any CPU.Build.0 = Debug|Any CPU
		{580249EC-85FE-4F8C-ACDF-B063F0EBD7DD}.Release|Any CPU.ActiveCfg = Release|Any CPU
		{580249EC-85FE-4F8C-ACDF-B063F0EBD7DD}.Release|Any CPU.Build.0 = Release|Any CPU
	EndGlobalSection
	GlobalSection(SolutionProperties) = preSolution
		HideSolutionNode = FALSE
	EndGlobalSection
	GlobalSection(ExtensibilityGlobals) = postSolution
		SolutionGuid = {148A1EF3-9B9A-49A2-93F1-9E241811513B}
	EndGlobalSection
EndGlobal
